// !$*UTF8*$!
{
	archiveVersion = 1;
	classes = {
	};
	objectVersion = 46;
	objects = {

/* Begin PBXBuildFile section */
		A440CC821F3BF0240055F864 /* main.m in Sources */ = {isa = PBXBuildFile; fileRef = A440CC811F3BF0240055F864 /* main.m */; };
		A440CC851F3BF0240055F864 /* AppDelegate.m in Sources */ = {isa = PBXBuildFile; fileRef = A440CC841F3BF0240055F864 /* AppDelegate.m */; };
		A440CC881F3BF0240055F864 /* ViewController.m in Sources */ = {isa = PBXBuildFile; fileRef = A440CC871F3BF0240055F864 /* ViewController.m */; };
		A440CC8B1F3BF0240055F864 /* Main.storyboard in Resources */ = {isa = PBXBuildFile; fileRef = A440CC891F3BF0240055F864 /* Main.storyboard */; };
		A440CC8D1F3BF0240055F864 /* Assets.xcassets in Resources */ = {isa = PBXBuildFile; fileRef = A440CC8C1F3BF0240055F864 /* Assets.xcassets */; };
		A440CC901F3BF0240055F864 /* LaunchScreen.storyboard in Resources */ = {isa = PBXBuildFile; fileRef = A440CC8E1F3BF0240055F864 /* LaunchScreen.storyboard */; };
		A440CC9B1F3BF0240055F864 /* PostHTTPSDemoTests.m in Sources */ = {isa = PBXBuildFile; fileRef = A440CC9A1F3BF0240055F864 /* PostHTTPSDemoTests.m */; };
		A440CCA61F3BF0240055F864 /* PostHTTPSDemoUITests.m in Sources */ = {isa = PBXBuildFile; fileRef = A440CCA51F3BF0240055F864 /* PostHTTPSDemoUITests.m */; };
		A440CCB41F3BF0340055F864 /* Podfile in Resources */ = {isa = PBXBuildFile; fileRef = A440CCB31F3BF0340055F864 /* Podfile */; };
		A440CCB91F3BF1DA0055F864 /* SubsequentView.m in Sources */ = {isa = PBXBuildFile; fileRef = A440CCB81F3BF1DA0055F864 /* SubsequentView.m */; };
		A440CCBD1F3C26EE0055F864 /* SubsequentCell.m in Sources */ = {isa = PBXBuildFile; fileRef = A440CCBC1F3C26EE0055F864 /* SubsequentCell.m */; };
		A440CCC01F3C2F240055F864 /* SubsequentModel.m in Sources */ = {isa = PBXBuildFile; fileRef = A440CCBF1F3C2F240055F864 /* SubsequentModel.m */; };
		A440CCC21F3C494B0055F864 /* libxml2.2.tbd in Frameworks */ = {isa = PBXBuildFile; fileRef = A440CCC11F3C494B0055F864 /* libxml2.2.tbd */; };
		F65A543C6B2A8AC09B01A808 /* libPods-PostHTTPSDemo.a in Frameworks */ = {isa = PBXBuildFile; fileRef = EE0C4F2D079E4DD6411EC596 /* libPods-PostHTTPSDemo.a */; };
/* End PBXBuildFile section */

/* Begin PBXContainerItemProxy section */
		A440CC971F3BF0240055F864 /* PBXContainerItemProxy */ = {
			isa = PBXContainerItemProxy;
			containerPortal = A440CC751F3BF0240055F864 /* Project object */;
			proxyType = 1;
			remoteGlobalIDString = A440CC7C1F3BF0240055F864;
			remoteInfo = PostHTTPSDemo;
		};
		A440CCA21F3BF0240055F864 /* PBXContainerItemProxy */ = {
			isa = PBXContainerItemProxy;
			containerPortal = A440CC751F3BF0240055F864 /* Project object */;
			proxyType = 1;
			remoteGlobalIDString = A440CC7C1F3BF0240055F864;
			remoteInfo = PostHTTPSDemo;
		};
/* End PBXContainerItemProxy section */

/* Begin PBXFileReference section */
		A440CC7D1F3BF0240055F864 /* PostHTTPSDemo.app */ = {isa = PBXFileReference; explicitFileType = wrapper.application; includeInIndex = 0; path = PostHTTPSDemo.app; sourceTree = BUILT_PRODUCTS_DIR; };
		A440CC811F3BF0240055F864 /* main.m */ = {isa = PBXFileReference; lastKnownFileType = sourcecode.c.objc; path = main.m; sourceTree = "<group>"; };
		A440CC831F3BF0240055F864 /* AppDelegate.h */ = {isa = PBXFileReference; lastKnownFileType = sourcecode.c.h; path = AppDelegate.h; sourceTree = "<group>"; };
		A440CC841F3BF0240055F864 /* AppDelegate.m */ = {isa = PBXFileReference; lastKnownFileType = sourcecode.c.objc; path = AppDelegate.m; sourceTree = "<group>"; };
		A440CC861F3BF0240055F864 /* ViewController.h */ = {isa = PBXFileReference; lastKnownFileType = sourcecode.c.h; path = ViewController.h; sourceTree = "<group>"; };
		A440CC871F3BF0240055F864 /* ViewController.m */ = {isa = PBXFileReference; lastKnownFileType = sourcecode.c.objc; path = ViewController.m; sourceTree = "<group>"; };
		A440CC8A1F3BF0240055F864 /* Base */ = {isa = PBXFileReference; lastKnownFileType = file.storyboard; name = Base; path = Base.lproj/Main.storyboard; sourceTree = "<group>"; };
		A440CC8C1F3BF0240055F864 /* Assets.xcassets */ = {isa = PBXFileReference; lastKnownFileType = folder.assetcatalog; path = Assets.xcassets; sourceTree = "<group>"; };
		A440CC8F1F3BF0240055F864 /* Base */ = {isa = PBXFileReference; lastKnownFileType = file.storyboard; name = Base; path = Base.lproj/LaunchScreen.storyboard; sourceTree = "<group>"; };
		A440CC911F3BF0240055F864 /* Info.plist */ = {isa = PBXFileReference; lastKnownFileType = text.plist.xml; path = Info.plist; sourceTree = "<group>"; };
		A440CC961F3BF0240055F864 /* PostHTTPSDemoTests.xctest */ = {isa = PBXFileReference; explicitFileType = wrapper.cfbundle; includeInIndex = 0; path = PostHTTPSDemoTests.xctest; sourceTree = BUILT_PRODUCTS_DIR; };
		A440CC9A1F3BF0240055F864 /* PostHTTPSDemoTests.m */ = {isa = PBXFileReference; lastKnownFileType = sourcecode.c.objc; path = PostHTTPSDemoTests.m; sourceTree = "<group>"; };
		A440CC9C1F3BF0240055F864 /* Info.plist */ = {isa = PBXFileReference; lastKnownFileType = text.plist.xml; path = Info.plist; sourceTree = "<group>"; };
		A440CCA11F3BF0240055F864 /* PostHTTPSDemoUITests.xctest */ = {isa = PBXFileReference; explicitFileType = wrapper.cfbundle; includeInIndex = 0; path = PostHTTPSDemoUITests.xctest; sourceTree = BUILT_PRODUCTS_DIR; };
		A440CCA51F3BF0240055F864 /* PostHTTPSDemoUITests.m */ = {isa = PBXFileReference; lastKnownFileType = sourcecode.c.objc; path = PostHTTPSDemoUITests.m; sourceTree = "<group>"; };
		A440CCA71F3BF0240055F864 /* Info.plist */ = {isa = PBXFileReference; lastKnownFileType = text.plist.xml; path = Info.plist; sourceTree = "<group>"; };
		A440CCB31F3BF0340055F864 /* Podfile */ = {isa = PBXFileReference; fileEncoding = 4; lastKnownFileType = text; path = Podfile; sourceTree = "<group>"; xcLanguageSpecificationIdentifier = xcode.lang.ruby; };
		A440CCB71F3BF1DA0055F864 /* SubsequentView.h */ = {isa = PBXFileReference; fileEncoding = 4; lastKnownFileType = sourcecode.c.h; path = SubsequentView.h; sourceTree = "<group>"; };
		A440CCB81F3BF1DA0055F864 /* SubsequentView.m */ = {isa = PBXFileReference; fileEncoding = 4; lastKnownFileType = sourcecode.c.objc; path = SubsequentView.m; sourceTree = "<group>"; };
		A440CCBB1F3C26EE0055F864 /* SubsequentCell.h */ = {isa = PBXFileReference; fileEncoding = 4; lastKnownFileType = sourcecode.c.h; path = SubsequentCell.h; sourceTree = "<group>"; };
		A440CCBC1F3C26EE0055F864 /* SubsequentCell.m */ = {isa = PBXFileReference; fileEncoding = 4; lastKnownFileType = sourcecode.c.objc; path = SubsequentCell.m; sourceTree = "<group>"; };
		A440CCBE1F3C2F240055F864 /* SubsequentModel.h */ = {isa = PBXFileReference; fileEncoding = 4; lastKnownFileType = sourcecode.c.h; path = SubsequentModel.h; sourceTree = "<group>"; };
		A440CCBF1F3C2F240055F864 /* SubsequentModel.m */ = {isa = PBXFileReference; fileEncoding = 4; lastKnownFileType = sourcecode.c.objc; path = SubsequentModel.m; sourceTree = "<group>"; };
		A440CCC11F3C494B0055F864 /* libxml2.2.tbd */ = {isa = PBXFileReference; lastKnownFileType = "sourcecode.text-based-dylib-definition"; name = libxml2.2.tbd; path = usr/lib/libxml2.2.tbd; sourceTree = SDKROOT; };
		A70A8C3EFE2798EE00F91BBB /* Pods-PostHTTPSDemo.debug.xcconfig */ = {isa = PBXFileReference; includeInIndex = 1; lastKnownFileType = text.xcconfig; name = "Pods-PostHTTPSDemo.debug.xcconfig"; path = "Pods/Target Support Files/Pods-PostHTTPSDemo/Pods-PostHTTPSDemo.debug.xcconfig"; sourceTree = "<group>"; };
		E6F8AF7425D7EDBC6A973C2B /* Pods-PostHTTPSDemo.release.xcconfig */ = {isa = PBXFileReference; includeInIndex = 1; lastKnownFileType = text.xcconfig; name = "Pods-PostHTTPSDemo.release.xcconfig"; path = "Pods/Target Support Files/Pods-PostHTTPSDemo/Pods-PostHTTPSDemo.release.xcconfig"; sourceTree = "<group>"; };
		EE0C4F2D079E4DD6411EC596 /* libPods-PostHTTPSDemo.a */ = {isa = PBXFileReference; explicitFileType = archive.ar; includeInIndex = 0; path = "libPods-PostHTTPSDemo.a"; sourceTree = BUILT_PRODUCTS_DIR; };
/* End PBXFileReference section */

/* Begin PBXFrameworksBuildPhase section */
		A440CC7A1F3BF0240055F864 /* Frameworks */ = {
			isa = PBXFrameworksBuildPhase;
			buildActionMask = 2147483647;
			files = (
				A440CCC21F3C494B0055F864 /* libxml2.2.tbd in Frameworks */,
				F65A543C6B2A8AC09B01A808 /* libPods-PostHTTPSDemo.a in Frameworks */,
			);
			runOnlyForDeploymentPostprocessing = 0;
		};
		A440CC931F3BF0240055F864 /* Frameworks */ = {
			isa = PBXFrameworksBuildPhase;
			buildActionMask = 2147483647;
			files = (
			);
			runOnlyForDeploymentPostprocessing = 0;
		};
		A440CC9E1F3BF0240055F864 /* Frameworks */ = {
			isa = PBXFrameworksBuildPhase;
			buildActionMask = 2147483647;
			files = (
			);
			runOnlyForDeploymentPostprocessing = 0;
		};
/* End PBXFrameworksBuildPhase section */

/* Begin PBXGroup section */
		5F0EFED2D4C8949730DBDDCC /* Pods */ = {
			isa = PBXGroup;
			children = (
				A70A8C3EFE2798EE00F91BBB /* Pods-PostHTTPSDemo.debug.xcconfig */,
				E6F8AF7425D7EDBC6A973C2B /* Pods-PostHTTPSDemo.release.xcconfig */,
			);
			name = Pods;
			sourceTree = "<group>";
		};
		73B7AB1544F1D0BE36699053 /* Frameworks */ = {
			isa = PBXGroup;
			children = (
				A440CCC11F3C494B0055F864 /* libxml2.2.tbd */,
				EE0C4F2D079E4DD6411EC596 /* libPods-PostHTTPSDemo.a */,
			);
			name = Frameworks;
			sourceTree = "<group>";
		};
		A440CC741F3BF0240055F864 = {
			isa = PBXGroup;
			children = (
				A440CCB31F3BF0340055F864 /* Podfile */,
				A440CC7F1F3BF0240055F864 /* PostHTTPSDemo */,
				A440CC991F3BF0240055F864 /* PostHTTPSDemoTests */,
				A440CCA41F3BF0240055F864 /* PostHTTPSDemoUITests */,
				A440CC7E1F3BF0240055F864 /* Products */,
				5F0EFED2D4C8949730DBDDCC /* Pods */,
				73B7AB1544F1D0BE36699053 /* Frameworks */,
			);
			sourceTree = "<group>";
		};
		A440CC7E1F3BF0240055F864 /* Products */ = {
			isa = PBXGroup;
			children = (
				A440CC7D1F3BF0240055F864 /* PostHTTPSDemo.app */,
				A440CC961F3BF0240055F864 /* PostHTTPSDemoTests.xctest */,
				A440CCA11F3BF0240055F864 /* PostHTTPSDemoUITests.xctest */,
			);
			name = Products;
			sourceTree = "<group>";
		};
		A440CC7F1F3BF0240055F864 /* PostHTTPSDemo */ = {
			isa = PBXGroup;
			children = (
				A440CCBA1F3BF2380055F864 /* Model */,
				A440CCB61F3BF1C90055F864 /* ModifyCollectionView */,
				A440CC831F3BF0240055F864 /* AppDelegate.h */,
				A440CC841F3BF0240055F864 /* AppDelegate.m */,
				A440CC861F3BF0240055F864 /* ViewController.h */,
				A440CC871F3BF0240055F864 /* ViewController.m */,
				A440CC891F3BF0240055F864 /* Main.storyboard */,
				A440CC8C1F3BF0240055F864 /* Assets.xcassets */,
				A440CC8E1F3BF0240055F864 /* LaunchScreen.storyboard */,
				A440CC911F3BF0240055F864 /* Info.plist */,
				A440CC801F3BF0240055F864 /* Supporting Files */,
			);
			path = PostHTTPSDemo;
			sourceTree = "<group>";
		};
		A440CC801F3BF0240055F864 /* Supporting Files */ = {
			isa = PBXGroup;
			children = (
				A440CC811F3BF0240055F864 /* main.m */,
			);
			name = "Supporting Files";
			sourceTree = "<group>";
		};
		A440CC991F3BF0240055F864 /* PostHTTPSDemoTests */ = {
			isa = PBXGroup;
			children = (
				A440CC9A1F3BF0240055F864 /* PostHTTPSDemoTests.m */,
				A440CC9C1F3BF0240055F864 /* Info.plist */,
			);
			path = PostHTTPSDemoTests;
			sourceTree = "<group>";
		};
		A440CCA41F3BF0240055F864 /* PostHTTPSDemoUITests */ = {
			isa = PBXGroup;
			children = (
				A440CCA51F3BF0240055F864 /* PostHTTPSDemoUITests.m */,
				A440CCA71F3BF0240055F864 /* Info.plist */,
			);
			path = PostHTTPSDemoUITests;
			sourceTree = "<group>";
		};
		A440CCB61F3BF1C90055F864 /* ModifyCollectionView */ = {
			isa = PBXGroup;
			children = (
				A440CCB71F3BF1DA0055F864 /* SubsequentView.h */,
				A440CCB81F3BF1DA0055F864 /* SubsequentView.m */,
				A440CCBB1F3C26EE0055F864 /* SubsequentCell.h */,
				A440CCBC1F3C26EE0055F864 /* SubsequentCell.m */,
			);
			path = ModifyCollectionView;
			sourceTree = "<group>";
		};
		A440CCBA1F3BF2380055F864 /* Model */ = {
			isa = PBXGroup;
			children = (
				A440CCBE1F3C2F240055F864 /* SubsequentModel.h */,
				A440CCBF1F3C2F240055F864 /* SubsequentModel.m */,
			);
			path = Model;
			sourceTree = "<group>";
		};
/* End PBXGroup section */

/* Begin PBXNativeTarget section */
		A440CC7C1F3BF0240055F864 /* PostHTTPSDemo */ = {
			isa = PBXNativeTarget;
			buildConfigurationList = A440CCAA1F3BF0240055F864 /* Build configuration list for PBXNativeTarget "PostHTTPSDemo" */;
			buildPhases = (
				6D60AFE432991F0C46DC51FE /* [CP] Check Pods Manifest.lock */,
				A440CC791F3BF0240055F864 /* Sources */,
				A440CC7A1F3BF0240055F864 /* Frameworks */,
				A440CC7B1F3BF0240055F864 /* Resources */,
				9183584A8148940FC6D797E6 /* [CP] Embed Pods Frameworks */,
				65F39BD6FC3254C610BA64FF /* [CP] Copy Pods Resources */,
			);
			buildRules = (
			);
			dependencies = (
			);
			name = PostHTTPSDemo;
			productName = PostHTTPSDemo;
			productReference = A440CC7D1F3BF0240055F864 /* PostHTTPSDemo.app */;
			productType = "com.apple.product-type.application";
		};
		A440CC951F3BF0240055F864 /* PostHTTPSDemoTests */ = {
			isa = PBXNativeTarget;
			buildConfigurationList = A440CCAD1F3BF0240055F864 /* Build configuration list for PBXNativeTarget "PostHTTPSDemoTests" */;
			buildPhases = (
				A440CC921F3BF0240055F864 /* Sources */,
				A440CC931F3BF0240055F864 /* Frameworks */,
				A440CC941F3BF0240055F864 /* Resources */,
			);
			buildRules = (
			);
			dependencies = (
				A440CC981F3BF0240055F864 /* PBXTargetDependency */,
			);
			name = PostHTTPSDemoTests;
			productName = PostHTTPSDemoTests;
			productReference = A440CC961F3BF0240055F864 /* PostHTTPSDemoTests.xctest */;
			productType = "com.apple.product-type.bundle.unit-test";
		};
		A440CCA01F3BF0240055F864 /* PostHTTPSDemoUITests */ = {
			isa = PBXNativeTarget;
			buildConfigurationList = A440CCB01F3BF0240055F864 /* Build configuration list for PBXNativeTarget "PostHTTPSDemoUITests" */;
			buildPhases = (
				A440CC9D1F3BF0240055F864 /* Sources */,
				A440CC9E1F3BF0240055F864 /* Frameworks */,
				A440CC9F1F3BF0240055F864 /* Resources */,
			);
			buildRules = (
			);
			dependencies = (
				A440CCA31F3BF0240055F864 /* PBXTargetDependency */,
			);
			name = PostHTTPSDemoUITests;
			productName = PostHTTPSDemoUITests;
			productReference = A440CCA11F3BF0240055F864 /* PostHTTPSDemoUITests.xctest */;
			productType = "com.apple.product-type.bundle.ui-testing";
		};
/* End PBXNativeTarget section */

/* Begin PBXProject section */
		A440CC751F3BF0240055F864 /* Project object */ = {
			isa = PBXProject;
			attributes = {
				LastUpgradeCheck = 0830;
				ORGANIZATIONNAME = com.ywart;
				TargetAttributes = {
					A440CC7C1F3BF0240055F864 = {
						CreatedOnToolsVersion = 8.3.3;
						ProvisioningStyle = Automatic;
					};
					A440CC951F3BF0240055F864 = {
						CreatedOnToolsVersion = 8.3.3;
						ProvisioningStyle = Automatic;
						TestTargetID = A440CC7C1F3BF0240055F864;
					};
					A440CCA01F3BF0240055F864 = {
						CreatedOnToolsVersion = 8.3.3;
						ProvisioningStyle = Automatic;
						TestTargetID = A440CC7C1F3BF0240055F864;
					};
				};
			};
			buildConfigurationList = A440CC781F3BF0240055F864 /* Build configuration list for PBXProject "PostHTTPSDemo" */;
			compatibilityVersion = "Xcode 3.2";
			developmentRegion = English;
			hasScannedForEncodings = 0;
			knownRegions = (
				en,
				Base,
			);
			mainGroup = A440CC741F3BF0240055F864;
			productRefGroup = A440CC7E1F3BF0240055F864 /* Products */;
			projectDirPath = "";
			projectRoot = "";
			targets = (
				A440CC7C1F3BF0240055F864 /* PostHTTPSDemo */,
				A440CC951F3BF0240055F864 /* PostHTTPSDemoTests */,
				A440CCA01F3BF0240055F864 /* PostHTTPSDemoUITests */,
			);
		};
/* End PBXProject section */

/* Begin PBXResourcesBuildPhase section */
		A440CC7B1F3BF0240055F864 /* Resources */ = {
			isa = PBXResourcesBuildPhase;
			buildActionMask = 2147483647;
			files = (
				A440CC901F3BF0240055F864 /* LaunchScreen.storyboard in Resources */,
				A440CC8D1F3BF0240055F864 /* Assets.xcassets in Resources */,
				A440CCB41F3BF0340055F864 /* Podfile in Resources */,
				A440CC8B1F3BF0240055F864 /* Main.storyboard in Resources */,
			);
			runOnlyForDeploymentPostprocessing = 0;
		};
		A440CC941F3BF0240055F864 /* Resources */ = {
			isa = PBXResourcesBuildPhase;
			buildActionMask = 2147483647;
			files = (
			);
			runOnlyForDeploymentPostprocessing = 0;
		};
		A440CC9F1F3BF0240055F864 /* Resources */ = {
			isa = PBXResourcesBuildPhase;
			buildActionMask = 2147483647;
			files = (
			);
			runOnlyForDeploymentPostprocessing = 0;
		};
/* End PBXResourcesBuildPhase section */

/* Begin PBXShellScriptBuildPhase section */
		65F39BD6FC3254C610BA64FF /* [CP] Copy Pods Resources */ = {
			isa = PBXShellScriptBuildPhase;
			buildActionMask = 2147483647;
			files = (
			);
			inputPaths = (
			);
			name = "[CP] Copy Pods Resources";
			outputPaths = (
			);
			runOnlyForDeploymentPostprocessing = 0;
			shellPath = /bin/sh;
			shellScript = "\"${SRCROOT}/Pods/Target Support Files/Pods-PostHTTPSDemo/Pods-PostHTTPSDemo-resources.sh\"\n";
			showEnvVarsInLog = 0;
		};
		6D60AFE432991F0C46DC51FE /* [CP] Check Pods Manifest.lock */ = {
			isa = PBXShellScriptBuildPhase;
			buildActionMask = 2147483647;
			files = (
			);
			inputPaths = (
			);
			name = "[CP] Check Pods Manifest.lock";
			outputPaths = (
			);
			runOnlyForDeploymentPostprocessing = 0;
			shellPath = /bin/sh;
			shellScript = "diff \"${PODS_PODFILE_DIR_PATH}/Podfile.lock\" \"${PODS_ROOT}/Manifest.lock\" > /dev/null\nif [ $? != 0 ] ; then\n    # print error to STDERR\n    echo \"error: The sandbox is not in sync with the Podfile.lock. Run 'pod install' or update your CocoaPods installation.\" >&2\n    exit 1\nfi\n";
			showEnvVarsInLog = 0;
		};
		9183584A8148940FC6D797E6 /* [CP] Embed Pods Frameworks */ = {
			isa = PBXShellScriptBuildPhase;
			buildActionMask = 2147483647;
			files = (
			);
			inputPaths = (
			);
			name = "[CP] Embed Pods Frameworks";
			outputPaths = (
			);
			runOnlyForDeploymentPostprocessing = 0;
			shellPath = /bin/sh;
			shellScript = "\"${SRCROOT}/Pods/Target Support Files/Pods-PostHTTPSDemo/Pods-PostHTTPSDemo-frameworks.sh\"\n";
			showEnvVarsInLog = 0;
		};
/* End PBXShellScriptBuildPhase section */

/* Begin PBXSourcesBuildPhase section */
		A440CC791F3BF0240055F864 /* Sources */ = {
			isa = PBXSourcesBuildPhase;
			buildActionMask = 2147483647;
			files = (
				A440CCB91F3BF1DA0055F864 /* SubsequentView.m in Sources */,
				A440CC881F3BF0240055F864 /* ViewController.m in Sources */,
				A440CCBD1F3C26EE0055F864 /* SubsequentCell.m in Sources */,
				A440CC851F3BF0240055F864 /* AppDelegate.m in Sources */,
				A440CCC01F3C2F240055F864 /* SubsequentModel.m in Sources */,
				A440CC821F3BF0240055F864 /* main.m in Sources */,
			);
			runOnlyForDeploymentPostprocessing = 0;
		};
		A440CC921F3BF0240055F864 /* Sources */ = {
			isa = PBXSourcesBuildPhase;
			buildActionMask = 2147483647;
			files = (
				A440CC9B1F3BF0240055F864 /* PostHTTPSDemoTests.m in Sources */,
			);
			runOnlyForDeploymentPostprocessing = 0;
		};
		A440CC9D1F3BF0240055F864 /* Sources */ = {
			isa = PBXSourcesBuildPhase;
			buildActionMask = 2147483647;
			files = (
				A440CCA61F3BF0240055F864 /* PostHTTPSDemoUITests.m in Sources */,
			);
			runOnlyForDeploymentPostprocessing = 0;
		};
/* End PBXSourcesBuildPhase section */

/* Begin PBXTargetDependency section */
		A440CC981F3BF0240055F864 /* PBXTargetDependency */ = {
			isa = PBXTargetDependency;
			target = A440CC7C1F3BF0240055F864 /* PostHTTPSDemo */;
			targetProxy = A440CC971F3BF0240055F864 /* PBXContainerItemProxy */;
		};
		A440CCA31F3BF0240055F864 /* PBXTargetDependency */ = {
			isa = PBXTargetDependency;
			target = A440CC7C1F3BF0240055F864 /* PostHTTPSDemo */;
			targetProxy = A440CCA21F3BF0240055F864 /* PBXContainerItemProxy */;
		};
/* End PBXTargetDependency section */

/* Begin PBXVariantGroup section */
		A440CC891F3BF0240055F864 /* Main.storyboard */ = {
			isa = PBXVariantGroup;
			children = (
				A440CC8A1F3BF0240055F864 /* Base */,
			);
			name = Main.storyboard;
			sourceTree = "<group>";
		};
		A440CC8E1F3BF0240055F864 /* LaunchScreen.storyboard */ = {
			isa = PBXVariantGroup;
			children = (
				A440CC8F1F3BF0240055F864 /* Base */,
			);
			name = LaunchScreen.storyboard;
			sourceTree = "<group>";
		};
/* End PBXVariantGroup section */

/* Begin XCBuildConfiguration section */
		A440CCA81F3BF0240055F864 /* Debug */ = {
			isa = XCBuildConfiguration;
			buildSettings = {
				ALWAYS_SEARCH_USER_PATHS = NO;
				CLANG_ANALYZER_NONNULL = YES;
				CLANG_ANALYZER_NUMBER_OBJECT_CONVERSION = YES_AGGRESSIVE;
				CLANG_CXX_LANGUAGE_STANDARD = "gnu++0x";
				CLANG_CXX_LIBRARY = "libc++";
				CLANG_ENABLE_MODULES = YES;
				CLANG_ENABLE_OBJC_ARC = YES;
				CLANG_WARN_BOOL_CONVERSION = YES;
				CLANG_WARN_CONSTANT_CONVERSION = YES;
				CLANG_WARN_DIRECT_OBJC_ISA_USAGE = YES_ERROR;
				CLANG_WARN_DOCUMENTATION_COMMENTS = YES;
				CLANG_WARN_EMPTY_BODY = YES;
				CLANG_WARN_ENUM_CONVERSION = YES;
				CLANG_WARN_INFINITE_RECURSION = YES;
				CLANG_WARN_INT_CONVERSION = YES;
				CLANG_WARN_OBJC_ROOT_CLASS = YES_ERROR;
				CLANG_WARN_SUSPICIOUS_MOVE = YES;
				CLANG_WARN_UNREACHABLE_CODE = YES;
				CLANG_WARN__DUPLICATE_METHOD_MATCH = YES;
				"CODE_SIGN_IDENTITY[sdk=iphoneos*]" = "iPhone Developer";
				COPY_PHASE_STRIP = NO;
				DEBUG_INFORMATION_FORMAT = dwarf;
				ENABLE_STRICT_OBJC_MSGSEND = YES;
				ENABLE_TESTABILITY = YES;
				GCC_C_LANGUAGE_STANDARD = gnu99;
				GCC_DYNAMIC_NO_PIC = NO;
				GCC_NO_COMMON_BLOCKS = YES;
				GCC_OPTIMIZATION_LEVEL = 0;
				GCC_PREPROCESSOR_DEFINITIONS = (
					"DEBUG=1",
					"$(inherited)",
				);
				GCC_WARN_64_TO_32_BIT_CONVERSION = YES;
				GCC_WARN_ABOUT_RETURN_TYPE = YES_ERROR;
				GCC_WARN_UNDECLARED_SELECTOR = YES;
				GCC_WARN_UNINITIALIZED_AUTOS = YES_AGGRESSIVE;
				GCC_WARN_UNUSED_FUNCTION = YES;
				GCC_WARN_UNUSED_VARIABLE = YES;
				IPHONEOS_DEPLOYMENT_TARGET = 10.3;
				MTL_ENABLE_DEBUG_INFO = YES;
				ONLY_ACTIVE_ARCH = YES;
				SDKROOT = iphoneos;
				TARGETED_DEVICE_FAMILY = "1,2";
			};
			name = Debug;
		};
		A440CCA91F3BF0240055F864 /* Release */ = {
			isa = XCBuildConfiguration;
			buildSettings = {
				ALWAYS_SEARCH_USER_PATHS = NO;
				CLANG_ANALYZER_NONNULL = YES;
				CLANG_ANALYZER_NUMBER_OBJECT_CONVERSION = YES_AGGRESSIVE;
				CLANG_CXX_LANGUAGE_STANDARD = "gnu++0x";
				CLANG_CXX_LIBRARY = "libc++";
				CLANG_ENABLE_MODULES = YES;
				CLANG_ENABLE_OBJC_ARC = YES;
				CLANG_WARN_BOOL_CONVERSION = YES;
				CLANG_WARN_CONSTANT_CONVERSION = YES;
				CLANG_WARN_DIRECT_OBJC_ISA_USAGE = YES_ERROR;
				CLANG_WARN_DOCUMENTATION_COMMENTS = YES;
				CLANG_WARN_EMPTY_BODY = YES;
				CLANG_WARN_ENUM_CONVERSION = YES;
				CLANG_WARN_INFINITE_RECURSION = YES;
				CLANG_WARN_INT_CONVERSION = YES;
				CLANG_WARN_OBJC_ROOT_CLASS = YES_ERROR;
				CLANG_WARN_SUSPICIOUS_MOVE = YES;
				CLANG_WARN_UNREACHABLE_CODE = YES;
				CLANG_WARN__DUPLICATE_METHOD_MATCH = YES;
				"CODE_SIGN_IDENTITY[sdk=iphoneos*]" = "iPhone Developer";
				COPY_PHASE_STRIP = NO;
				DEBUG_INFORMATION_FORMAT = "dwarf-with-dsym";
				ENABLE_NS_ASSERTIONS = NO;
				ENABLE_STRICT_OBJC_MSGSEND = YES;
				GCC_C_LANGUAGE_STANDARD = gnu99;
				GCC_NO_COMMON_BLOCKS = YES;
				GCC_WARN_64_TO_32_BIT_CONVERSION = YES;
				GCC_WARN_ABOUT_RETURN_TYPE = YES_ERROR;
				GCC_WARN_UNDECLARED_SELECTOR = YES;
				GCC_WARN_UNINITIALIZED_AUTOS = YES_AGGRESSIVE;
				GCC_WARN_UNUSED_FUNCTION = YES;
				GCC_WARN_UNUSED_VARIABLE = YES;
				IPHONEOS_DEPLOYMENT_TARGET = 10.3;
				MTL_ENABLE_DEBUG_INFO = NO;
				SDKROOT = iphoneos;
				TARGETED_DEVICE_FAMILY = "1,2";
				VALIDATE_PRODUCT = YES;
			};
			name = Release;
		};
		A440CCAB1F3BF0240055F864 /* Debug */ = {
			isa = XCBuildConfiguration;
			baseConfigurationReference = A70A8C3EFE2798EE00F91BBB /* Pods-PostHTTPSDemo.debug.xcconfig */;
			buildSettings = {
				ASSETCATALOG_COMPILER_APPICON_NAME = AppIcon;
				INFOPLIST_FILE = PostHTTPSDemo/Info.plist;
				LD_RUNPATH_SEARCH_PATHS = "$(inherited) @executable_path/Frameworks";
				PRODUCT_BUNDLE_IDENTIFIER = com.ywart.PostHTTPSDemo;
				PRODUCT_NAME = "$(TARGET_NAME)";
			};
			name = Debug;
		};
		A440CCAC1F3BF0240055F864 /* Release */ = {
			isa = XCBuildConfiguration;
			baseConfigurationReference = E6F8AF7425D7EDBC6A973C2B /* Pods-PostHTTPSDemo.release.xcconfig */;
			buildSettings = {
				ASSETCATALOG_COMPILER_APPICON_NAME = AppIcon;
				INFOPLIST_FILE = PostHTTPSDemo/Info.plist;
				LD_RUNPATH_SEARCH_PATHS = "$(inherited) @executable_path/Frameworks";
				PRODUCT_BUNDLE_IDENTIFIER = com.ywart.PostHTTPSDemo;
				PRODUCT_NAME = "$(TARGET_NAME)";
			};
			name = Release;
		};
		A440CCAE1F3BF0240055F864 /* Debug */ = {
			isa = XCBuildConfiguration;
			buildSettings = {
				BUNDLE_LOADER = "$(TEST_HOST)";
				INFOPLIST_FILE = PostHTTPSDemoTests/Info.plist;
				LD_RUNPATH_SEARCH_PATHS = "$(inherited) @executable_path/Frameworks @loader_path/Frameworks";
				PRODUCT_BUNDLE_IDENTIFIER = com.ywart.PostHTTPSDemoTests;
				PRODUCT_NAME = "$(TARGET_NAME)";
				TEST_HOST = "$(BUILT_PRODUCTS_DIR)/PostHTTPSDemo.app/PostHTTPSDemo";
			};
			name = Debug;
		};
		A440CCAF1F3BF0240055F864 /* Release */ = {
			isa = XCBuildConfiguration;
			buildSettings = {
				BUNDLE_LOADER = "$(TEST_HOST)";
				INFOPLIST_FILE = PostHTTPSDemoTests/Info.plist;
				LD_RUNPATH_SEARCH_PATHS = "$(inherited) @executable_path/Frameworks @loader_path/Frameworks";
				PRODUCT_BUNDLE_IDENTIFIER = com.ywart.PostHTTPSDemoTests;
				PRODUCT_NAME = "$(TARGET_NAME)";
				TEST_HOST = "$(BUILT_PRODUCTS_DIR)/PostHTTPSDemo.app/PostHTTPSDemo";
			};
			name = Release;
		};
		A440CCB11F3BF0240055F864 /* Debug */ = {
			isa = XCBuildConfiguration;
			buildSettings = {
				INFOPLIST_FILE = PostHTTPSDemoUITests/Info.plist;
				LD_RUNPATH_SEARCH_PATHS = "$(inherited) @executable_path/Frameworks @loader_path/Frameworks";
				PRODUCT_BUNDLE_IDENTIFIER = com.ywart.PostHTTPSDemoUITests;
				PRODUCT_NAME = "$(TARGET_NAME)";
				TEST_TARGET_NAME = PostHTTPSDemo;
			};
			name = Debug;
		};
		A440CCB21F3BF0240055F864 /* Release */ = {
			isa = XCBuildConfiguration;
			buildSettings = {
				INFOPLIST_FILE = PostHTTPSDemoUITests/Info.plist;
				LD_RUNPATH_SEARCH_PATHS = "$(inherited) @executable_path/Frameworks @loader_path/Frameworks";
				PRODUCT_BUNDLE_IDENTIFIER = com.ywart.PostHTTPSDemoUITests;
				PRODUCT_NAME = "$(TARGET_NAME)";
				TEST_TARGET_NAME = PostHTTPSDemo;
			};
			name = Release;
		};
/* End XCBuildConfiguration section */

/* Begin XCConfigurationList section */
		A440CC781F3BF0240055F864 /* Build configuration list for PBXProject "PostHTTPSDemo" */ = {
			isa = XCConfigurationList;
			buildConfigurations = (
				A440CCA81F3BF0240055F864 /* Debug */,
				A440CCA91F3BF0240055F864 /* Release */,
			);
			defaultConfigurationIsVisible = 0;
			defaultConfigurationName = Release;
		};
		A440CCAA1F3BF0240055F864 /* Build configuration list for PBXNativeTarget "PostHTTPSDemo" */ = {
			isa = XCConfigurationList;
			buildConfigurations = (
				A440CCAB1F3BF0240055F864 /* Debug */,
				A440CCAC1F3BF0240055F864 /* Release */,
			);
			defaultConfigurationIsVisible = 0;
			defaultConfigurationName = Release;
		};
		A440CCAD1F3BF0240055F864 /* Build configuration list for PBXNativeTarget "PostHTTPSDemoTests" */ = {
			isa = XCConfigurationList;
			buildConfigurations = (
				A440CCAE1F3BF0240055F864 /* Debug */,
				A440CCAF1F3BF0240055F864 /* Release */,
			);
			defaultConfigurationIsVisible = 0;
			defaultConfigurationName = Release;
		};
		A440CCB01F3BF0240055F864 /* Build configuration list for PBXNativeTarget "PostHTTPSDemoUITests" */ = {
			isa = XCConfigurationList;
			buildConfigurations = (
				A440CCB11F3BF0240055F864 /* Debug */,
				A440CCB21F3BF0240055F864 /* Release */,
			);
			defaultConfigurationIsVisible = 0;
			defaultConfigurationName = Release;
		};
/* End XCConfigurationList section */
	};
	rootObject = A440CC751F3BF0240055F864 /* Project object */;
}
